
Microsoft Visual Studio Solution File, Format Version 12.00
# Visual Studio Version 17
VisualStudioVersion = 17.14.36518.9 d17.14
MinimumVisualStudioVersion = 10.0.40219.1
Project("{8BC9CEB8-8B4A-11D0-8D11-00A0C91BC942}") = "GeostatisticsBasicsLib", "GeostatisticsBasicsLib.vcxproj", "{144DEE99-64EC-4686-85E9-7A7BD19C1158}"
EndProject
Project("{8BC9CEB8-8B4A-11D0-8D11-00A0C91BC942}") = "GeostatisticsBasicsLib.Tests", "..\GeostatisticsBasicsLib.Tests\GeostatisticsBasicsLib.Tests.vcxproj", "{0C9ADF3C-D660-4E68-A500-D31232D2E167}"
EndProject
Global
	GlobalSection(SolutionConfigurationPlatforms) = preSolution
		Debug|x64 = Debug|x64
		Debug|x86 = Debug|x86
		Release|x64 = Release|x64
		Release|x86 = Release|x86
	EndGlobalSection
	GlobalSection(ProjectConfigurationPlatforms) = postSolution
		{144DEE99-64EC-4686-85E9-7A7BD19C1158}.Debug|x64.ActiveCfg = Debug|x64
		{144DEE99-64EC-4686-85E9-7A7BD19C1158}.Debug|x64.Build.0 = Debug|x64
		{144DEE99-64EC-4686-85E9-7A7BD19C1158}.Debug|x86.ActiveCfg = Debug|x64
		{144DEE99-64EC-4686-85E9-7A7BD19C1158}.Release|x64.ActiveCfg = Release|x64
		{144DEE99-64EC-4686-85E9-7A7BD19C1158}.Release|x64.Build.0 = Release|x64
		{144DEE99-64EC-4686-85E9-7A7BD19C1158}.Release|x86.ActiveCfg = Release|x64
		{0C9ADF3C-D660-4E68-A500-D31232D2E167}.Debug|x64.ActiveCfg = Debug|x64
		{0C9ADF3C-D660-4E68-A500-D31232D2E167}.Debug|x64.Build.0 = Debug|x64
		{0C9ADF3C-D660-4E68-A500-D31232D2E167}.Debug|x86.ActiveCfg = Debug|x64
		{0C9ADF3C-D660-4E68-A500-D31232D2E167}.Release|x64.ActiveCfg = Release|x64
		{0C9ADF3C-D660-4E68-A500-D31232D2E167}.Release|x64.Build.0 = Release|x64
		{0C9ADF3C-D660-4E68-A500-D31232D2E167}.Release|x86.ActiveCfg = Release|x64
	EndGlobalSection
	GlobalSection(SolutionProperties) = preSolution
		HideSolutionNode = FALSE
	EndGlobalSection
	GlobalSection(ExtensibilityGlobals) = postSolution
		SolutionGuid = {C5D17369-473C-4E57-A703-CEDF30ECD59E}
	EndGlobalSection
EndGlobal
